
Microsoft Visual Studio Solution File, Format Version 12.00
# Visual Studio 2013
VisualStudioVersion = 12.0.30723.0
MinimumVisualStudioVersion = 10.0.40219.1
Project("{FAE04EC0-301F-11D3-BF4B-00C04F79EFBC}") = "Pushbullet Web Scraper", "Pushbullet Web Scraper\Pushbullet Web Scraper.csproj", "{6BB387DD-4DF0-47EE-B448-8D8BE7F7D1EB}"
EndProject
Global
	GlobalSection(SolutionConfigurationPlatforms) = preSolution
		Debug|Any CPU = Debug|Any CPU
		Release|Any CPU = Release|Any CPU
	EndGlobalSection
	GlobalSection(ProjectConfigurationPlatforms) = postSolution
		{6BB387DD-4DF0-47EE-B448-8D8BE7F7D1EB}.Debug|Any CPU.ActiveCfg = Debug|Any CPU
		{6BB387DD-4DF0-47EE-B448-8D8BE7F7D1EB}.Debug|Any CPU.Build.0 = Debug|Any CPU
		{6BB387DD-4DF0-47EE-B448-8D8BE7F7D1EB}.Release|Any CPU.ActiveCfg = Release|Any CPU
		{6BB387DD-4DF0-47EE-B448-8D8BE7F7D1EB}.Release|Any CPU.Build.0 = Release|Any CPU
	EndGlobalSection
	GlobalSection(SolutionProperties) = preSolution
		HideSolutionNode = FALSE
	EndGlobalSection
EndGlobal
